
Microsoft Visual Studio Solution File, Format Version 12.00
# Visual Studio Version 17
VisualStudioVersion = 17.0.32126.317
MinimumVisualStudioVersion = 10.0.40219.1
Project("{8BC9CEB8-8B4A-11D0-8D11-00A0C91BC942}") = "replace", "replace\replace.vcxproj", "{CC10E78C-60FF-431B-80C5-47DB27E56419}"
EndProject
Global
	GlobalSection(SolutionConfigurationPlatforms) = preSolution
		Debug|x64 = Debug|x64
		Debug|x86 = Debug|x86
		Release|x64 = Release|x64
		Release|x86 = Release|x86
	EndGlobalSection
	GlobalSection(ProjectConfigurationPlatforms) = postSolution
		{CC10E78C-60FF-431B-80C5-47DB27E56419}.Debug|x64.ActiveCfg = Debug|x64
		{CC10E78C-60FF-431B-80C5-47DB27E56419}.Debug|x64.Build.0 = Debug|x64
		{CC10E78C-60FF-431B-80C5-47DB27E56419}.Debug|x86.ActiveCfg = Debug|Win32
		{CC10E78C-60FF-431B-80C5-47DB27E56419}.Debug|x86.Build.0 = Debug|Win32
		{CC10E78C-60FF-431B-80C5-47DB27E56419}.Release|x64.ActiveCfg = Release|x64
		{CC10E78C-60FF-431B-80C5-47DB27E56419}.Release|x64.Build.0 = Release|x64
		{CC10E78C-60FF-431B-80C5-47DB27E56419}.Release|x86.ActiveCfg = Release|Win32
		{CC10E78C-60FF-431B-80C5-47DB27E56419}.Release|x86.Build.0 = Release|Win32
	EndGlobalSection
	GlobalSection(SolutionProperties) = preSolution
		HideSolutionNode = FALSE
	EndGlobalSection
	GlobalSection(ExtensibilityGlobals) = postSolution
		SolutionGuid = {E30D1B41-39C5-49EF-89D1-D25C43E79BDE}
	EndGlobalSection
EndGlobal
